
Microsoft Visual Studio Solution File, Format Version 12.00
# Visual Studio Version 17
VisualStudioVersion = 17.0.31903.59
MinimumVisualStudioVersion = 10.0.40219.1
Project("{FAE04EC0-301F-11D3-BF4B-00C04F79EFBC}") = "NewTalents", "NewTalents\NewTalents.csproj", "{472B4CE4-05EB-4A4C-A13D-78ECD95A0A2B}"
EndProject
Project("{FAE04EC0-301F-11D3-BF4B-00C04F79EFBC}") = "MyProject.Tests", "MyProject.Tests\MyProject.Tests.csproj", "{NEWLY GENERATED GUID}"
EndProject
Global
	GlobalSection(SolutionConfigurationPlatforms) = preSolution
		Debug|Any CPU = Debug|Any CPU
		Release|Any CPU = Release|Any CPU
	EndGlobalSection
	GlobalSection(SolutionProperties) = preSolution
		HideSolutionNode = FALSE
	EndGlobalSection
	GlobalSection(ProjectConfigurationPlatforms) = postSolution
		{472B4CE4-05EB-4A4C-A13D-78ECD95A0A2B}.Debug|Any CPU.ActiveCfg = Debug|Any CPU
		{472B4CE4-05EB-4A4C-A13D-78ECD95A0A2B}.Debug|Any CPU.Build.0 = Debug|Any CPU
		{472B4CE4-05EB-4A4C-A13D-78ECD95A0A2B}.Release|Any CPU.ActiveCfg = Release|Any CPU
		{472B4CE4-05EB-4A4C-A13D-78ECD95A0A2B}.Release|Any CPU.Build.0 = Release|Any CPU
	EndGlobalSection
EndGlobal
